// !$*UTF8*$!
{
	archiveVersion = 1;
	classes = {
	};
	objectVersion = 50;
	objects = {

/* Begin PBXBuildFile section */
		F94EC35A2325946C007AEAB5 /* AppDelegate.swift in Sources */ = {isa = PBXBuildFile; fileRef = F94EC3592325946C007AEAB5 /* AppDelegate.swift */; };
		F94EC35C2325946C007AEAB5 /* ViewController.swift in Sources */ = {isa = PBXBuildFile; fileRef = F94EC35B2325946C007AEAB5 /* ViewController.swift */; };
		F94EC35F2325946C007AEAB5 /* Main.storyboard in Resources */ = {isa = PBXBuildFile; fileRef = F94EC35D2325946C007AEAB5 /* Main.storyboard */; };
		F94EC3622325946C007AEAB5 /* MeatMarket.xcdatamodeld in Sources */ = {isa = PBXBuildFile; fileRef = F94EC3602325946C007AEAB5 /* MeatMarket.xcdatamodeld */; };
		F94EC3642325946C007AEAB5 /* Assets.xcassets in Resources */ = {isa = PBXBuildFile; fileRef = F94EC3632325946C007AEAB5 /* Assets.xcassets */; };
		F94EC3672325946C007AEAB5 /* LaunchScreen.storyboard in Resources */ = {isa = PBXBuildFile; fileRef = F94EC3652325946C007AEAB5 /* LaunchScreen.storyboard */; };
/* End PBXBuildFile section */

/* Begin PBXFileReference section */
		F94EC3562325946C007AEAB5 /* MeatMarket.app */ = {isa = PBXFileReference; explicitFileType = wrapper.application; includeInIndex = 0; path = MeatMarket.app; sourceTree = BUILT_PRODUCTS_DIR; };
		F94EC3592325946C007AEAB5 /* AppDelegate.swift */ = {isa = PBXFileReference; lastKnownFileType = sourcecode.swift; path = AppDelegate.swift; sourceTree = "<group>"; };
		F94EC35B2325946C007AEAB5 /* ViewController.swift */ = {isa = PBXFileReference; lastKnownFileType = sourcecode.swift; path = ViewController.swift; sourceTree = "<group>"; };
		F94EC35E2325946C007AEAB5 /* Base */ = {isa = PBXFileReference; lastKnownFileType = file.storyboard; name = Base; path = Base.lproj/Main.storyboard; sourceTree = "<group>"; };
		F94EC3612325946C007AEAB5 /* MeatMarket.xcdatamodel */ = {isa = PBXFileReference; lastKnownFileType = wrapper.xcdatamodel; path = MeatMarket.xcdatamodel; sourceTree = "<group>"; };
		F94EC3632325946C007AEAB5 /* Assets.xcassets */ = {isa = PBXFileReference; lastKnownFileType = folder.assetcatalog; path = Assets.xcassets; sourceTree = "<group>"; };
		F94EC3662325946C007AEAB5 /* Base */ = {isa = PBXFileReference; lastKnownFileType = file.storyboard; name = Base; path = Base.lproj/LaunchScreen.storyboard; sourceTree = "<group>"; };
		F94EC3682325946C007AEAB5 /* Info.plist */ = {isa = PBXFileReference; lastKnownFileType = text.plist.xml; path = Info.plist; sourceTree = "<group>"; };
/* End PBXFileReference section */

/* Begin PBXFrameworksBuildPhase section */
		F94EC3532325946C007AEAB5 /* Frameworks */ = {
			isa = PBXFrameworksBuildPhase;
			buildActionMask = 2147483647;
			files = (
			);
			runOnlyForDeploymentPostprocessing = 0;
		};
/* End PBXFrameworksBuildPhase section */

/* Begin PBXGroup section */
		F94EC34D2325946C007AEAB5 = {
			isa = PBXGroup;
			children = (
				F94EC3582325946C007AEAB5 /* MeatMarket */,
				F94EC3572325946C007AEAB5 /* Products */,
			);
			sourceTree = "<group>";
		};
		F94EC3572325946C007AEAB5 /* Products */ = {
			isa = PBXGroup;
			children = (
				F94EC3562325946C007AEAB5 /* MeatMarket.app */,
			);
			name = Products;
			sourceTree = "<group>";
		};
		F94EC3582325946C007AEAB5 /* MeatMarket */ = {
			isa = PBXGroup;
			children = (
				F94EC3592325946C007AEAB5 /* AppDelegate.swift */,
				F94EC35B2325946C007AEAB5 /* ViewController.swift */,
				F94EC35D2325946C007AEAB5 /* Main.storyboard */,
				F94EC3632325946C007AEAB5 /* Assets.xcassets */,
				F94EC3652325946C007AEAB5 /* LaunchScreen.storyboard */,
				F94EC3682325946C007AEAB5 /* Info.plist */,
				F94EC3602325946C007AEAB5 /* MeatMarket.xcdatamodeld */,
			);
			path = MeatMarket;
			sourceTree = "<group>";
		};
/* End PBXGroup section */

/* Begin PBXNativeTarget section */
		F94EC3552325946C007AEAB5 /* MeatMarket */ = {
			isa = PBXNativeTarget;
			buildConfigurationList = F94EC36B2325946C007AEAB5 /* Build configuration list for PBXNativeTarget "MeatMarket" */;
			buildPhases = (
				F94EC3522325946C007AEAB5 /* Sources */,
				F94EC3532325946C007AEAB5 /* Frameworks */,
				F94EC3542325946C007AEAB5 /* Resources */,
			);
			buildRules = (
			);
			dependencies = (
			);
			name = MeatMarket;
			productName = MeatMarket;
			productReference = F94EC3562325946C007AEAB5 /* MeatMarket.app */;
			productType = "com.apple.product-type.application";
		};
/* End PBXNativeTarget section */

/* Begin PBXProject section */
		F94EC34E2325946C007AEAB5 /* Project object */ = {
			isa = PBXProject;
			attributes = {
				LastSwiftUpdateCheck = 1030;
				LastUpgradeCheck = 1030;
				ORGANIZATIONNAME = YardenSwisa;
				TargetAttributes = {
					F94EC3552325946C007AEAB5 = {
						CreatedOnToolsVersion = 10.3;
					};
				};
			};
			buildConfigurationList = F94EC3512325946C007AEAB5 /* Build configuration list for PBXProject "MeatMarket" */;
			compatibilityVersion = "Xcode 9.3";
			developmentRegion = en;
			hasScannedForEncodings = 0;
			knownRegions = (
				en,
				Base,
			);
			mainGroup = F94EC34D2325946C007AEAB5;
			productRefGroup = F94EC3572325946C007AEAB5 /* Products */;
			projectDirPath = "";
			projectRoot = "";
			targets = (
				F94EC3552325946C007AEAB5 /* MeatMarket */,
			);
		};
/* End PBXProject section */

/* Begin PBXResourcesBuildPhase section */
		F94EC3542325946C007AEAB5 /* Resources */ = {
			isa = PBXResourcesBuildPhase;
			buildActionMask = 2147483647;
			files = (
				F94EC3672325946C007AEAB5 /* LaunchScreen.storyboard in Resources */,
				F94EC3642325946C007AEAB5 /* Assets.xcassets in Resources */,
				F94EC35F2325946C007AEAB5 /* Main.storyboard in Resources */,
			);
			runOnlyForDeploymentPostprocessing = 0;
		};
/* End PBXResourcesBuildPhase section */

/* Begin PBXSourcesBuildPhase section */
		F94EC3522325946C007AEAB5 /* Sources */ = {
			isa = PBXSourcesBuildPhase;
			buildActionMask = 2147483647;
			files = (
				F94EC35C2325946C007AEAB5 /* ViewController.swift in Sources */,
				F94EC3622325946C007AEAB5 /* MeatMarket.xcdatamodeld in Sources */,
				F94EC35A2325946C007AEAB5 /* AppDelegate.swift in Sources */,
			);
			runOnlyForDeploymentPostprocessing = 0;
		};
/* End PBXSourcesBuildPhase section */

/* Begin PBXVariantGroup section */
		F94EC35D2325946C007AEAB5 /* Main.storyboard */ = {
			isa = PBXVariantGroup;
			children = (
				F94EC35E2325946C007AEAB5 /* Base */,
			);
			name = Main.storyboard;
			sourceTree = "<group>";
		};
		F94EC3652325946C007AEAB5 /* LaunchScreen.storyboard */ = {
			isa = PBXVariantGroup;
			children = (
				F94EC3662325946C007AEAB5 /* Base */,
			);
			name = LaunchScreen.storyboard;
			sourceTree = "<group>";
		};
/* End PBXVariantGroup section */

/* Begin XCBuildConfiguration section */
		F94EC3692325946C007AEAB5 /* Debug */ = {
			isa = XCBuildConfiguration;
			buildSettings = {
				ALWAYS_SEARCH_USER_PATHS = NO;
				CLANG_ANALYZER_NONNULL = YES;
				CLANG_ANALYZER_NUMBER_OBJECT_CONVERSION = YES_AGGRESSIVE;
				CLANG_CXX_LANGUAGE_STANDARD = "gnu++14";
				CLANG_CXX_LIBRARY = "libc++";
				CLANG_ENABLE_MODULES = YES;
				CLANG_ENABLE_OBJC_ARC = YES;
				CLANG_ENABLE_OBJC_WEAK = YES;
				CLANG_WARN_BLOCK_CAPTURE_AUTORELEASING = YES;
				CLANG_WARN_BOOL_CONVERSION = YES;
				CLANG_WARN_COMMA = YES;
				CLANG_WARN_CONSTANT_CONVERSION = YES;
				CLANG_WARN_DEPRECATED_OBJC_IMPLEMENTATIONS = YES;
				CLANG_WARN_DIRECT_OBJC_ISA_USAGE = YES_ERROR;
				CLANG_WARN_DOCUMENTATION_COMMENTS = YES;
				CLANG_WARN_EMPTY_BODY = YES;
				CLANG_WARN_ENUM_CONVERSION = YES;
				CLANG_WARN_INFINITE_RECURSION = YES;
				CLANG_WARN_INT_CONVERSION = YES;
				CLANG_WARN_NON_LITERAL_NULL_CONVERSION = YES;
				CLANG_WARN_OBJC_IMPLICIT_RETAIN_SELF = YES;
				CLANG_WARN_OBJC_LITERAL_CONVERSION = YES;
				CLANG_WARN_OBJC_ROOT_CLASS = YES_ERROR;
				CLANG_WARN_RANGE_LOOP_ANALYSIS = YES;
				CLANG_WARN_STRICT_PROTOTYPES = YES;
				CLANG_WARN_SUSPICIOUS_MOVE = YES;
				CLANG_WARN_UNGUARDED_AVAILABILITY = YES_AGGRESSIVE;
				CLANG_WARN_UNREACHABLE_CODE = YES;
				CLANG_WARN__DUPLICATE_METHOD_MATCH = YES;
				CODE_SIGN_IDENTITY = "iPhone Developer";
				COPY_PHASE_STRIP = NO;
				DEBUG_INFORMATION_FORMAT = dwarf;
				ENABLE_STRICT_OBJC_MSGSEND = YES;
				ENABLE_TESTABILITY = YES;
				GCC_C_LANGUAGE_STANDARD = gnu11;
				GCC_DYNAMIC_NO_PIC = NO;
				GCC_NO_COMMON_BLOCKS = YES;
				GCC_OPTIMIZATION_LEVEL = 0;
				GCC_PREPROCESSOR_DEFINITIONS = (
					"DEBUG=1",
					"$(inherited)",
				);
				GCC_WARN_64_TO_32_BIT_CONVERSION = YES;
				GCC_WARN_ABOUT_RETURN_TYPE = YES_ERROR;
				GCC_WARN_UNDECLARED_SELECTOR = YES;
				GCC_WARN_UNINITIALIZED_AUTOS = YES_AGGRESSIVE;
				GCC_WARN_UNUSED_FUNCTION = YES;
				GCC_WARN_UNUSED_VARIABLE = YES;
				IPHONEOS_DEPLOYMENT_TARGET = 12.4;
				MTL_ENABLE_DEBUG_INFO = INCLUDE_SOURCE;
				MTL_FAST_MATH = YES;
				ONLY_ACTIVE_ARCH = YES;
				SDKROOT = iphoneos;
				SWIFT_ACTIVE_COMPILATION_CONDITIONS = DEBUG;
				SWIFT_OPTIMIZATION_LEVEL = "-Onone";
			};
			name = Debug;
		};
		F94EC36A2325946C007AEAB5 /* Release */ = {
			isa = XCBuildConfiguration;
			buildSettings = {
				ALWAYS_SEARCH_USER_PATHS = NO;
				CLANG_ANALYZER_NONNULL = YES;
				CLANG_ANALYZER_NUMBER_OBJECT_CONVERSION = YES_AGGRESSIVE;
				CLANG_CXX_LANGUAGE_STANDARD = "gnu++14";
				CLANG_CXX_LIBRARY = "libc++";
				CLANG_ENABLE_MODULES = YES;
				CLANG_ENABLE_OBJC_ARC = YES;
				CLANG_ENABLE_OBJC_WEAK = YES;
				CLANG_WARN_BLOCK_CAPTURE_AUTORELEASING = YES;
				CLANG_WARN_BOOL_CONVERSION = YES;
				CLANG_WARN_COMMA = YES;
				CLANG_WARN_CONSTANT_CONVERSION = YES;
				CLANG_WARN_DEPRECATED_OBJC_IMPLEMENTATIONS = YES;
				CLANG_WARN_DIRECT_OBJC_ISA_USAGE = YES_ERROR;
				CLANG_WARN_DOCUMENTATION_COMMENTS = YES;
				CLANG_WARN_EMPTY_BODY = YES;
				CLANG_WARN_ENUM_CONVERSION = YES;
				CLANG_WARN_INFINITE_RECURSION = YES;
				CLANG_WARN_INT_CONVERSION = YES;
				CLANG_WARN_NON_LITERAL_NULL_CONVERSION = YES;
				CLANG_WARN_OBJC_IMPLICIT_RETAIN_SELF = YES;
				CLANG_WARN_OBJC_LITERAL_CONVERSION = YES;
				CLANG_WARN_OBJC_ROOT_CLASS = YES_ERROR;
				CLANG_WARN_RANGE_LOOP_ANALYSIS = YES;
				CLANG_WARN_STRICT_PROTOTYPES = YES;
				CLANG_WARN_SUSPICIOUS_MOVE = YES;
				CLANG_WARN_UNGUARDED_AVAILABILITY = YES_AGGRESSIVE;
				CLANG_WARN_UNREACHABLE_CODE = YES;
				CLANG_WARN__DUPLICATE_METHOD_MATCH = YES;
				CODE_SIGN_IDENTITY = "iPhone Developer";
				COPY_PHASE_STRIP = NO;
				DEBUG_INFORMATION_FORMAT = "dwarf-with-dsym";
				ENABLE_NS_ASSERTIONS = NO;
				ENABLE_STRICT_OBJC_MSGSEND = YES;
				GCC_C_LANGUAGE_STANDARD = gnu11;
				GCC_NO_COMMON_BLOCKS = YES;
				GCC_WARN_64_TO_32_BIT_CONVERSION = YES;
				GCC_WARN_ABOUT_RETURN_TYPE = YES_ERROR;
				GCC_WARN_UNDECLARED_SELECTOR = YES;
				GCC_WARN_UNINITIALIZED_AUTOS = YES_AGGRESSIVE;
				GCC_WARN_UNUSED_FUNCTION = YES;
				GCC_WARN_UNUSED_VARIABLE = YES;
				IPHONEOS_DEPLOYMENT_TARGET = 12.4;
				MTL_ENABLE_DEBUG_INFO = NO;
				MTL_FAST_MATH = YES;
				SDKROOT = iphoneos;
				SWIFT_COMPILATION_MODE = wholemodule;
				SWIFT_OPTIMIZATION_LEVEL = "-O";
				VALIDATE_PRODUCT = YES;
			};
			name = Release;
		};
		F94EC36C2325946C007AEAB5 /* Debug */ = {
			isa = XCBuildConfiguration;
			buildSettings = {
				ASSETCATALOG_COMPILER_APPICON_NAME = AppIcon;
				CODE_SIGN_STYLE = Automatic;
				INFOPLIST_FILE = MeatMarket/Info.plist;
				LD_RUNPATH_SEARCH_PATHS = (
					"$(inherited)",
					"@executable_path/Frameworks",
				);
				PRODUCT_BUNDLE_IDENTIFIER = com.YardenSwisa.MeatMarket;
				PRODUCT_NAME = "$(TARGET_NAME)";
				SWIFT_VERSION = 5.0;
				TARGETED_DEVICE_FAMILY = "1,2";
			};
			name = Debug;
		};
		F94EC36D2325946C007AEAB5 /* Release */ = {
			isa = XCBuildConfiguration;
			buildSettings = {
				ASSETCATALOG_COMPILER_APPICON_NAME = AppIcon;
				CODE_SIGN_STYLE = Automatic;
				INFOPLIST_FILE = MeatMarket/Info.plist;
				LD_RUNPATH_SEARCH_PATHS = (
					"$(inherited)",
					"@executable_path/Frameworks",
				);
				PRODUCT_BUNDLE_IDENTIFIER = com.YardenSwisa.MeatMarket;
				PRODUCT_NAME = "$(TARGET_NAME)";
				SWIFT_VERSION = 5.0;
				TARGETED_DEVICE_FAMILY = "1,2";
			};
			name = Release;
		};
/* End XCBuildConfiguration section */

/* Begin XCConfigurationList section */
		F94EC3512325946C007AEAB5 /* Build configuration list for PBXProject "MeatMarket" */ = {
			isa = XCConfigurationList;
			buildConfigurations = (
				F94EC3692325946C007AEAB5 /* Debug */,
				F94EC36A2325946C007AEAB5 /* Release */,
			);
			defaultConfigurationIsVisible = 0;
			defaultConfigurationName = Release;
		};
		F94EC36B2325946C007AEAB5 /* Build configuration list for PBXNativeTarget "MeatMarket" */ = {
			isa = XCConfigurationList;
			buildConfigurations = (
				F94EC36C2325946C007AEAB5 /* Debug */,
				F94EC36D2325946C007AEAB5 /* Release */,
			);
			defaultConfigurationIsVisible = 0;
			defaultConfigurationName = Release;
		};
/* End XCConfigurationList section */

/* Begin XCVersionGroup section */
		F94EC3602325946C007AEAB5 /* MeatMarket.xcdatamodeld */ = {
			isa = XCVersionGroup;
			children = (
				F94EC3612325946C007AEAB5 /* MeatMarket.xcdatamodel */,
			);
			currentVersion = F94EC3612325946C007AEAB5 /* MeatMarket.xcdatamodel */;
			path = MeatMarket.xcdatamodeld;
			sourceTree = "<group>";
			versionGroupType = wrapper.xcdatamodel;
		};
/* End XCVersionGroup section */
	};
	rootObject = F94EC34E2325946C007AEAB5 /* Project object */;
}
