// !$*UTF8*$!
{
	archiveVersion = 1;
	classes = {
	};
	objectVersion = 51;
	objects = {

/* Begin PBXBuildFile section */
		62878341C14DF27E186957EE /* Pods_MeatMarket.framework in Frameworks */ = {isa = PBXBuildFile; fileRef = 8EE4E8623CD904E21FEDC6A0 /* Pods_MeatMarket.framework */; };
		F90B0F23235B1EED00370A9F /* CreditsTableViewCell.swift in Sources */ = {isa = PBXBuildFile; fileRef = F90B0F22235B1EED00370A9F /* CreditsTableViewCell.swift */; };
		F92D4FC9243B02C700AE788D /* ProtocolProfileFavorite.swift in Sources */ = {isa = PBXBuildFile; fileRef = F92D4FC8243B02C700AE788D /* ProtocolProfileFavorite.swift */; };
		F92D4FCF243B059900AE788D /* ProtocolRecipeRatingAvg.swift in Sources */ = {isa = PBXBuildFile; fileRef = F92D4FCE243B059900AE788D /* ProtocolRecipeRatingAvg.swift */; };
		F92D4FD1243B431F00AE788D /* ExtentionUIImageView.swift in Sources */ = {isa = PBXBuildFile; fileRef = F92D4FD0243B431F00AE788D /* ExtentionUIImageView.swift */; };
		F92D4FD3243B456A00AE788D /* ProtocolRecipeCellFavoriteStatus.swift in Sources */ = {isa = PBXBuildFile; fileRef = F92D4FD2243B456A00AE788D /* ProtocolRecipeCellFavoriteStatus.swift */; };
		F92D4FDB243FA55600AE788D /* ExtentionUIViewController.swift in Sources */ = {isa = PBXBuildFile; fileRef = F92D4FDA243FA55600AE788D /* ExtentionUIViewController.swift */; };
		F92D4FDD243FCA1800AE788D /* CreateRecipeInstrcuctionTableViewCell.swift in Sources */ = {isa = PBXBuildFile; fileRef = F92D4FDC243FCA1800AE788D /* CreateRecipeInstrcuctionTableViewCell.swift */; };
		F92D4FDF2442144400AE788D /* PopUpIngredientsController.swift in Sources */ = {isa = PBXBuildFile; fileRef = F92D4FDE2442144400AE788D /* PopUpIngredientsController.swift */; };
		F92D4FE1244216A200AE788D /* CreateRecipeIngredientsTableViewCell.swift in Sources */ = {isa = PBXBuildFile; fileRef = F92D4FE0244216A200AE788D /* CreateRecipeIngredientsTableViewCell.swift */; };
		F93229C52454BEA600E80436 /* ExtentionUIImage.swift in Sources */ = {isa = PBXBuildFile; fileRef = F93229C42454BEA600E80436 /* ExtentionUIImage.swift */; };
		F938D8F12437787D00EF3A9B /* CreateRecipeController.swift in Sources */ = {isa = PBXBuildFile; fileRef = F938D8F02437787D00EF3A9B /* CreateRecipeController.swift */; };
		F93CA9212350C21D00289AD6 /* RoundedCollectionViewCell.swift in Sources */ = {isa = PBXBuildFile; fileRef = F93CA9202350C21D00289AD6 /* RoundedCollectionViewCell.swift */; };
		F93CB860234E0B6300136DA6 /* LoginController.swift in Sources */ = {isa = PBXBuildFile; fileRef = F93CB85F234E0B6300136DA6 /* LoginController.swift */; };
		F93CB862234E19FE00136DA6 /* RegistrationController.swift in Sources */ = {isa = PBXBuildFile; fileRef = F93CB861234E19FE00136DA6 /* RegistrationController.swift */; };
		F93CB864234E23FF00136DA6 /* HelperFuncs.swift in Sources */ = {isa = PBXBuildFile; fileRef = F93CB863234E23FF00136DA6 /* HelperFuncs.swift */; };
		F93CB866234E25E200136DA6 /* MainScreenController.swift in Sources */ = {isa = PBXBuildFile; fileRef = F93CB865234E25E200136DA6 /* MainScreenController.swift */; };
		F93CB868234E2CC700136DA6 /* NavigationController.swift in Sources */ = {isa = PBXBuildFile; fileRef = F93CB867234E2CC700136DA6 /* NavigationController.swift */; };
		F93CB86A234E2D1B00136DA6 /* PageRootController.swift in Sources */ = {isa = PBXBuildFile; fileRef = F93CB869234E2D1B00136DA6 /* PageRootController.swift */; };
		F93CB86C234E35BE00136DA6 /* ProfileController.swift in Sources */ = {isa = PBXBuildFile; fileRef = F93CB86B234E35BE00136DA6 /* ProfileController.swift */; };
		F93CB86E234E35FD00136DA6 /* CreditsController.swift in Sources */ = {isa = PBXBuildFile; fileRef = F93CB86D234E35FD00136DA6 /* CreditsController.swift */; };
		F94296B1234E02FD005CB018 /* SplashScreenController.swift in Sources */ = {isa = PBXBuildFile; fileRef = F94296B0234E02FD005CB018 /* SplashScreenController.swift */; };
		F94BCFB8247FEB380083837B /* MyRecipesViewCell.swift in Sources */ = {isa = PBXBuildFile; fileRef = F94BCFB7247FEB380083837B /* MyRecipesViewCell.swift */; };
		F94BCFBA247FF8EE0083837B /* MyRecipesController.swift in Sources */ = {isa = PBXBuildFile; fileRef = F94BCFB9247FF8EE0083837B /* MyRecipesController.swift */; };
		F94EC35A2325946C007AEAB5 /* AppDelegate.swift in Sources */ = {isa = PBXBuildFile; fileRef = F94EC3592325946C007AEAB5 /* AppDelegate.swift */; };
		F94EC35F2325946C007AEAB5 /* Main.storyboard in Resources */ = {isa = PBXBuildFile; fileRef = F94EC35D2325946C007AEAB5 /* Main.storyboard */; };
		F94EC3622325946C007AEAB5 /* MeatMarket.xcdatamodeld in Sources */ = {isa = PBXBuildFile; fileRef = F94EC3602325946C007AEAB5 /* MeatMarket.xcdatamodeld */; };
		F94EC3642325946C007AEAB5 /* Assets.xcassets in Resources */ = {isa = PBXBuildFile; fileRef = F94EC3632325946C007AEAB5 /* Assets.xcassets */; };
		F94EC3672325946C007AEAB5 /* LaunchScreen.storyboard in Resources */ = {isa = PBXBuildFile; fileRef = F94EC3652325946C007AEAB5 /* LaunchScreen.storyboard */; };
		F95336EC235138650060BD4F /* FavoriteViewCell.swift in Sources */ = {isa = PBXBuildFile; fileRef = F95336EB235138650060BD4F /* FavoriteViewCell.swift */; };
		F95B26F7235237E30034CE84 /* RecipesController.swift in Sources */ = {isa = PBXBuildFile; fileRef = F95B26F6235237E30034CE84 /* RecipesController.swift */; };
		F95B26F9235238030034CE84 /* InstructionsController.swift in Sources */ = {isa = PBXBuildFile; fileRef = F95B26F8235238030034CE84 /* InstructionsController.swift */; };
		F96BFD97235F0D6200B72489 /* RoundedTableViewCell.swift in Sources */ = {isa = PBXBuildFile; fileRef = F96BFD96235F0D6200B72489 /* RoundedTableViewCell.swift */; };
		F98AABCC234DDC99002CC05D /* User.swift in Sources */ = {isa = PBXBuildFile; fileRef = F98AABCB234DDC99002CC05D /* User.swift */; };
		F98D9442235116BE007AE4D9 /* MeatCutViewCell.swift in Sources */ = {isa = PBXBuildFile; fileRef = F98D9441235116BE007AE4D9 /* MeatCutViewCell.swift */; };
		F98F86F2234DD0E90090737A /* GoogleService-Info.plist in Resources */ = {isa = PBXBuildFile; fileRef = F98F86F1234DD0E90090737A /* GoogleService-Info.plist */; };
		F9929D3323550CDD00DDC0ED /* IngredientsTableViewCell.swift in Sources */ = {isa = PBXBuildFile; fileRef = F9929D3223550CDD00DDC0ED /* IngredientsTableViewCell.swift */; };
		F9929D352355165700DDC0ED /* InstructionsTableViewCell.swift in Sources */ = {isa = PBXBuildFile; fileRef = F9929D342355165700DDC0ED /* InstructionsTableViewCell.swift */; };
		F99B7C76234F614500EB8C59 /* MeatCut.swift in Sources */ = {isa = PBXBuildFile; fileRef = F99B7C75234F614500EB8C59 /* MeatCut.swift */; };
		F99B7C78234F61AF00EB8C59 /* Recipe.swift in Sources */ = {isa = PBXBuildFile; fileRef = F99B7C77234F61AF00EB8C59 /* Recipe.swift */; };
		F99B7C7A234F628200EB8C59 /* Levels.swift in Sources */ = {isa = PBXBuildFile; fileRef = F99B7C79234F628200EB8C59 /* Levels.swift */; };
		F9AE12C82361B36F00814F4B /* CurrentUser.swift in Sources */ = {isa = PBXBuildFile; fileRef = F9AE12C72361B36F00814F4B /* CurrentUser.swift */; };
		F9B5FD12244F22F30069B2D4 /* PopUpInstructionsController.swift in Sources */ = {isa = PBXBuildFile; fileRef = F9B5FD11244F22F30069B2D4 /* PopUpInstructionsController.swift */; };
		F9EA640F24507A600021C4E0 /* ExtentionUIColor.swift in Sources */ = {isa = PBXBuildFile; fileRef = F9EA640E24507A5F0021C4E0 /* ExtentionUIColor.swift */; };
		F9EA64112451A7CA0021C4E0 /* ExtentionTableView.swift in Sources */ = {isa = PBXBuildFile; fileRef = F9EA64102451A7CA0021C4E0 /* ExtentionTableView.swift */; };
		F9ED4BAE23528EDD005CB3E7 /* RecipeViewCell.swift in Sources */ = {isa = PBXBuildFile; fileRef = F9ED4BAD23528EDD005CB3E7 /* RecipeViewCell.swift */; };
/* End PBXBuildFile section */

/* Begin PBXFileReference section */
		8EE4E8623CD904E21FEDC6A0 /* Pods_MeatMarket.framework */ = {isa = PBXFileReference; explicitFileType = wrapper.framework; includeInIndex = 0; path = Pods_MeatMarket.framework; sourceTree = BUILT_PRODUCTS_DIR; };
		B4EE9E939A5EA3BCCE241B92 /* Pods-MeatMarket.debug.xcconfig */ = {isa = PBXFileReference; includeInIndex = 1; lastKnownFileType = text.xcconfig; name = "Pods-MeatMarket.debug.xcconfig"; path = "Target Support Files/Pods-MeatMarket/Pods-MeatMarket.debug.xcconfig"; sourceTree = "<group>"; };
		EF0F11BA56A0A2EAEE1D3A94 /* Pods-MeatMarket.release.xcconfig */ = {isa = PBXFileReference; includeInIndex = 1; lastKnownFileType = text.xcconfig; name = "Pods-MeatMarket.release.xcconfig"; path = "Target Support Files/Pods-MeatMarket/Pods-MeatMarket.release.xcconfig"; sourceTree = "<group>"; };
		F90B0F22235B1EED00370A9F /* CreditsTableViewCell.swift */ = {isa = PBXFileReference; lastKnownFileType = sourcecode.swift; path = CreditsTableViewCell.swift; sourceTree = "<group>"; };
		F92D4FC8243B02C700AE788D /* ProtocolProfileFavorite.swift */ = {isa = PBXFileReference; lastKnownFileType = sourcecode.swift; path = ProtocolProfileFavorite.swift; sourceTree = "<group>"; };
		F92D4FCE243B059900AE788D /* ProtocolRecipeRatingAvg.swift */ = {isa = PBXFileReference; lastKnownFileType = sourcecode.swift; path = ProtocolRecipeRatingAvg.swift; sourceTree = "<group>"; };
		F92D4FD0243B431F00AE788D /* ExtentionUIImageView.swift */ = {isa = PBXFileReference; lastKnownFileType = sourcecode.swift; path = ExtentionUIImageView.swift; sourceTree = "<group>"; };
		F92D4FD2243B456A00AE788D /* ProtocolRecipeCellFavoriteStatus.swift */ = {isa = PBXFileReference; lastKnownFileType = sourcecode.swift; path = ProtocolRecipeCellFavoriteStatus.swift; sourceTree = "<group>"; };
		F92D4FDA243FA55600AE788D /* ExtentionUIViewController.swift */ = {isa = PBXFileReference; lastKnownFileType = sourcecode.swift; path = ExtentionUIViewController.swift; sourceTree = "<group>"; };
		F92D4FDC243FCA1800AE788D /* CreateRecipeInstrcuctionTableViewCell.swift */ = {isa = PBXFileReference; lastKnownFileType = sourcecode.swift; path = CreateRecipeInstrcuctionTableViewCell.swift; sourceTree = "<group>"; };
		F92D4FDE2442144400AE788D /* PopUpIngredientsController.swift */ = {isa = PBXFileReference; lastKnownFileType = sourcecode.swift; path = PopUpIngredientsController.swift; sourceTree = "<group>"; };
		F92D4FE0244216A200AE788D /* CreateRecipeIngredientsTableViewCell.swift */ = {isa = PBXFileReference; lastKnownFileType = sourcecode.swift; path = CreateRecipeIngredientsTableViewCell.swift; sourceTree = "<group>"; };
		F93229C42454BEA600E80436 /* ExtentionUIImage.swift */ = {isa = PBXFileReference; lastKnownFileType = sourcecode.swift; path = ExtentionUIImage.swift; sourceTree = "<group>"; };
		F938D8F02437787D00EF3A9B /* CreateRecipeController.swift */ = {isa = PBXFileReference; lastKnownFileType = sourcecode.swift; path = CreateRecipeController.swift; sourceTree = "<group>"; };
		F93CA9202350C21D00289AD6 /* RoundedCollectionViewCell.swift */ = {isa = PBXFileReference; lastKnownFileType = sourcecode.swift; path = RoundedCollectionViewCell.swift; sourceTree = "<group>"; };
		F93CB85F234E0B6300136DA6 /* LoginController.swift */ = {isa = PBXFileReference; lastKnownFileType = sourcecode.swift; path = LoginController.swift; sourceTree = "<group>"; };
		F93CB861234E19FE00136DA6 /* RegistrationController.swift */ = {isa = PBXFileReference; lastKnownFileType = sourcecode.swift; path = RegistrationController.swift; sourceTree = "<group>"; };
		F93CB863234E23FF00136DA6 /* HelperFuncs.swift */ = {isa = PBXFileReference; lastKnownFileType = sourcecode.swift; path = HelperFuncs.swift; sourceTree = "<group>"; };
		F93CB865234E25E200136DA6 /* MainScreenController.swift */ = {isa = PBXFileReference; lastKnownFileType = sourcecode.swift; path = MainScreenController.swift; sourceTree = "<group>"; };
		F93CB867234E2CC700136DA6 /* NavigationController.swift */ = {isa = PBXFileReference; lastKnownFileType = sourcecode.swift; path = NavigationController.swift; sourceTree = "<group>"; };
		F93CB869234E2D1B00136DA6 /* PageRootController.swift */ = {isa = PBXFileReference; lastKnownFileType = sourcecode.swift; path = PageRootController.swift; sourceTree = "<group>"; };
		F93CB86B234E35BE00136DA6 /* ProfileController.swift */ = {isa = PBXFileReference; lastKnownFileType = sourcecode.swift; path = ProfileController.swift; sourceTree = "<group>"; };
		F93CB86D234E35FD00136DA6 /* CreditsController.swift */ = {isa = PBXFileReference; lastKnownFileType = sourcecode.swift; path = CreditsController.swift; sourceTree = "<group>"; };
		F94296B0234E02FD005CB018 /* SplashScreenController.swift */ = {isa = PBXFileReference; lastKnownFileType = sourcecode.swift; path = SplashScreenController.swift; sourceTree = "<group>"; };
		F94BCFB7247FEB380083837B /* MyRecipesViewCell.swift */ = {isa = PBXFileReference; lastKnownFileType = sourcecode.swift; path = MyRecipesViewCell.swift; sourceTree = "<group>"; };
		F94BCFB9247FF8EE0083837B /* MyRecipesController.swift */ = {isa = PBXFileReference; lastKnownFileType = sourcecode.swift; path = MyRecipesController.swift; sourceTree = "<group>"; };
		F94EC3562325946C007AEAB5 /* MeatMarket.app */ = {isa = PBXFileReference; explicitFileType = wrapper.application; includeInIndex = 0; path = MeatMarket.app; sourceTree = BUILT_PRODUCTS_DIR; };
		F94EC3592325946C007AEAB5 /* AppDelegate.swift */ = {isa = PBXFileReference; lastKnownFileType = sourcecode.swift; path = AppDelegate.swift; sourceTree = "<group>"; };
		F94EC35E2325946C007AEAB5 /* Base */ = {isa = PBXFileReference; lastKnownFileType = file.storyboard; name = Base; path = Base.lproj/Main.storyboard; sourceTree = "<group>"; };
		F94EC3612325946C007AEAB5 /* MeatMarket.xcdatamodel */ = {isa = PBXFileReference; lastKnownFileType = wrapper.xcdatamodel; path = MeatMarket.xcdatamodel; sourceTree = "<group>"; };
		F94EC3632325946C007AEAB5 /* Assets.xcassets */ = {isa = PBXFileReference; lastKnownFileType = folder.assetcatalog; path = Assets.xcassets; sourceTree = "<group>"; };
		F94EC3662325946C007AEAB5 /* Base */ = {isa = PBXFileReference; lastKnownFileType = file.storyboard; name = Base; path = Base.lproj/LaunchScreen.storyboard; sourceTree = "<group>"; };
		F94EC3682325946C007AEAB5 /* Info.plist */ = {isa = PBXFileReference; lastKnownFileType = text.plist.xml; path = Info.plist; sourceTree = "<group>"; };
		F95336EB235138650060BD4F /* FavoriteViewCell.swift */ = {isa = PBXFileReference; lastKnownFileType = sourcecode.swift; path = FavoriteViewCell.swift; sourceTree = "<group>"; };
		F95B26F6235237E30034CE84 /* RecipesController.swift */ = {isa = PBXFileReference; lastKnownFileType = sourcecode.swift; path = RecipesController.swift; sourceTree = "<group>"; };
		F95B26F8235238030034CE84 /* InstructionsController.swift */ = {isa = PBXFileReference; lastKnownFileType = sourcecode.swift; path = InstructionsController.swift; sourceTree = "<group>"; };
		F96BFD96235F0D6200B72489 /* RoundedTableViewCell.swift */ = {isa = PBXFileReference; lastKnownFileType = sourcecode.swift; path = RoundedTableViewCell.swift; sourceTree = "<group>"; };
		F98AABCB234DDC99002CC05D /* User.swift */ = {isa = PBXFileReference; lastKnownFileType = sourcecode.swift; path = User.swift; sourceTree = "<group>"; };
		F98D9441235116BE007AE4D9 /* MeatCutViewCell.swift */ = {isa = PBXFileReference; lastKnownFileType = sourcecode.swift; path = MeatCutViewCell.swift; sourceTree = "<group>"; };
		F98F86F1234DD0E90090737A /* GoogleService-Info.plist */ = {isa = PBXFileReference; fileEncoding = 4; lastKnownFileType = text.plist.xml; path = "GoogleService-Info.plist"; sourceTree = "<group>"; };
		F9929D3223550CDD00DDC0ED /* IngredientsTableViewCell.swift */ = {isa = PBXFileReference; lastKnownFileType = sourcecode.swift; path = IngredientsTableViewCell.swift; sourceTree = "<group>"; };
		F9929D342355165700DDC0ED /* InstructionsTableViewCell.swift */ = {isa = PBXFileReference; lastKnownFileType = sourcecode.swift; path = InstructionsTableViewCell.swift; sourceTree = "<group>"; };
		F99B7C75234F614500EB8C59 /* MeatCut.swift */ = {isa = PBXFileReference; lastKnownFileType = sourcecode.swift; path = MeatCut.swift; sourceTree = "<group>"; };
		F99B7C77234F61AF00EB8C59 /* Recipe.swift */ = {isa = PBXFileReference; lastKnownFileType = sourcecode.swift; path = Recipe.swift; sourceTree = "<group>"; };
		F99B7C79234F628200EB8C59 /* Levels.swift */ = {isa = PBXFileReference; lastKnownFileType = sourcecode.swift; path = Levels.swift; sourceTree = "<group>"; };
		F9AE12C72361B36F00814F4B /* CurrentUser.swift */ = {isa = PBXFileReference; lastKnownFileType = sourcecode.swift; path = CurrentUser.swift; sourceTree = "<group>"; };
		F9B5FD11244F22F30069B2D4 /* PopUpInstructionsController.swift */ = {isa = PBXFileReference; lastKnownFileType = sourcecode.swift; path = PopUpInstructionsController.swift; sourceTree = "<group>"; };
		F9EA640E24507A5F0021C4E0 /* ExtentionUIColor.swift */ = {isa = PBXFileReference; lastKnownFileType = sourcecode.swift; path = ExtentionUIColor.swift; sourceTree = "<group>"; };
		F9EA64102451A7CA0021C4E0 /* ExtentionTableView.swift */ = {isa = PBXFileReference; lastKnownFileType = sourcecode.swift; path = ExtentionTableView.swift; sourceTree = "<group>"; };
		F9ED4BAD23528EDD005CB3E7 /* RecipeViewCell.swift */ = {isa = PBXFileReference; lastKnownFileType = sourcecode.swift; path = RecipeViewCell.swift; sourceTree = "<group>"; };
/* End PBXFileReference section */

/* Begin PBXFrameworksBuildPhase section */
		F94EC3532325946C007AEAB5 /* Frameworks */ = {
			isa = PBXFrameworksBuildPhase;
			buildActionMask = 2147483647;
			files = (
				62878341C14DF27E186957EE /* Pods_MeatMarket.framework in Frameworks */,
			);
			runOnlyForDeploymentPostprocessing = 0;
		};
/* End PBXFrameworksBuildPhase section */

/* Begin PBXGroup section */
		13F640CD61AC2C5B997E9779 /* Pods */ = {
			isa = PBXGroup;
			children = (
				B4EE9E939A5EA3BCCE241B92 /* Pods-MeatMarket.debug.xcconfig */,
				EF0F11BA56A0A2EAEE1D3A94 /* Pods-MeatMarket.release.xcconfig */,
			);
			path = Pods;
			sourceTree = "<group>";
		};
		2BC6E7736E422ADCAFC1C378 /* Frameworks */ = {
			isa = PBXGroup;
			children = (
				8EE4E8623CD904E21FEDC6A0 /* Pods_MeatMarket.framework */,
			);
			name = Frameworks;
			sourceTree = "<group>";
		};
		F90537AC2358ECD000245626 /* Utils */ = {
			isa = PBXGroup;
			children = (
				F93CB863234E23FF00136DA6 /* HelperFuncs.swift */,
			);
			path = Utils;
			sourceTree = "<group>";
		};
		F92D4FC4243B024100AE788D /* Extentions */ = {
			isa = PBXGroup;
			children = (
				F92D4FD0243B431F00AE788D /* ExtentionUIImageView.swift */,
				F92D4FDA243FA55600AE788D /* ExtentionUIViewController.swift */,
				F9EA640E24507A5F0021C4E0 /* ExtentionUIColor.swift */,
				F9EA64102451A7CA0021C4E0 /* ExtentionTableView.swift */,
				F93229C42454BEA600E80436 /* ExtentionUIImage.swift */,
			);
			path = Extentions;
			sourceTree = "<group>";
		};
		F92D4FC5243B025000AE788D /* Protocols */ = {
			isa = PBXGroup;
			children = (
				F92D4FC8243B02C700AE788D /* ProtocolProfileFavorite.swift */,
				F92D4FCE243B059900AE788D /* ProtocolRecipeRatingAvg.swift */,
				F92D4FD2243B456A00AE788D /* ProtocolRecipeCellFavoriteStatus.swift */,
			);
			path = Protocols;
			sourceTree = "<group>";
		};
		F94296AC234DF511005CB018 /* Model */ = {
			isa = PBXGroup;
			children = (
				F98AABCB234DDC99002CC05D /* User.swift */,
				F99B7C75234F614500EB8C59 /* MeatCut.swift */,
				F99B7C77234F61AF00EB8C59 /* Recipe.swift */,
				F99B7C79234F628200EB8C59 /* Levels.swift */,
				F93CA9202350C21D00289AD6 /* RoundedCollectionViewCell.swift */,
				F96BFD96235F0D6200B72489 /* RoundedTableViewCell.swift */,
				F9AE12C72361B36F00814F4B /* CurrentUser.swift */,
			);
			path = Model;
			sourceTree = "<group>";
		};
		F94296AD234DF51A005CB018 /* View */ = {
			isa = PBXGroup;
			children = (
				F94EC35D2325946C007AEAB5 /* Main.storyboard */,
				F94EC3652325946C007AEAB5 /* LaunchScreen.storyboard */,
				F98D9441235116BE007AE4D9 /* MeatCutViewCell.swift */,
				F95336EB235138650060BD4F /* FavoriteViewCell.swift */,
				F9ED4BAD23528EDD005CB3E7 /* RecipeViewCell.swift */,
				F9929D3223550CDD00DDC0ED /* IngredientsTableViewCell.swift */,
				F9929D342355165700DDC0ED /* InstructionsTableViewCell.swift */,
				F90B0F22235B1EED00370A9F /* CreditsTableViewCell.swift */,
				F92D4FDC243FCA1800AE788D /* CreateRecipeInstrcuctionTableViewCell.swift */,
				F92D4FE0244216A200AE788D /* CreateRecipeIngredientsTableViewCell.swift */,
				F94BCFB7247FEB380083837B /* MyRecipesViewCell.swift */,
			);
			path = View;
			sourceTree = "<group>";
		};
		F94296AE234DF521005CB018 /* Controller */ = {
			isa = PBXGroup;
			children = (
				F94296B0234E02FD005CB018 /* SplashScreenController.swift */,
				F93CB85F234E0B6300136DA6 /* LoginController.swift */,
				F93CB861234E19FE00136DA6 /* RegistrationController.swift */,
				F93CB865234E25E200136DA6 /* MainScreenController.swift */,
				F93CB867234E2CC700136DA6 /* NavigationController.swift */,
				F93CB869234E2D1B00136DA6 /* PageRootController.swift */,
				F93CB86B234E35BE00136DA6 /* ProfileController.swift */,
				F93CB86D234E35FD00136DA6 /* CreditsController.swift */,
				F95B26F6235237E30034CE84 /* RecipesController.swift */,
				F95B26F8235238030034CE84 /* InstructionsController.swift */,
				F938D8F02437787D00EF3A9B /* CreateRecipeController.swift */,
				F92D4FDE2442144400AE788D /* PopUpIngredientsController.swift */,
				F9B5FD11244F22F30069B2D4 /* PopUpInstructionsController.swift */,
				F94BCFB9247FF8EE0083837B /* MyRecipesController.swift */,
			);
			path = Controller;
			sourceTree = "<group>";
		};
		F94296AF234E0040005CB018 /* Resources */ = {
			isa = PBXGroup;
			children = (
				F94EC3592325946C007AEAB5 /* AppDelegate.swift */,
				F94EC3632325946C007AEAB5 /* Assets.xcassets */,
				F94EC3682325946C007AEAB5 /* Info.plist */,
			);
			path = Resources;
			sourceTree = "<group>";
		};
		F94EC34D2325946C007AEAB5 = {
			isa = PBXGroup;
			children = (
				F94EC3582325946C007AEAB5 /* MeatMarket */,
				F94EC3572325946C007AEAB5 /* Products */,
				13F640CD61AC2C5B997E9779 /* Pods */,
				2BC6E7736E422ADCAFC1C378 /* Frameworks */,
			);
			sourceTree = "<group>";
		};
		F94EC3572325946C007AEAB5 /* Products */ = {
			isa = PBXGroup;
			children = (
				F94EC3562325946C007AEAB5 /* MeatMarket.app */,
			);
			name = Products;
			sourceTree = "<group>";
		};
		F94EC3582325946C007AEAB5 /* MeatMarket */ = {
			isa = PBXGroup;
			children = (
				F92D4FC5243B025000AE788D /* Protocols */,
				F92D4FC4243B024100AE788D /* Extentions */,
				F90537AC2358ECD000245626 /* Utils */,
				F94296AE234DF521005CB018 /* Controller */,
				F94296AD234DF51A005CB018 /* View */,
				F94296AC234DF511005CB018 /* Model */,
				F94296AF234E0040005CB018 /* Resources */,
				F98F86F1234DD0E90090737A /* GoogleService-Info.plist */,
				F94EC3602325946C007AEAB5 /* MeatMarket.xcdatamodeld */,
			);
			path = MeatMarket;
			sourceTree = "<group>";
		};
/* End PBXGroup section */

/* Begin PBXNativeTarget section */
		F94EC3552325946C007AEAB5 /* MeatMarket */ = {
			isa = PBXNativeTarget;
			buildConfigurationList = F94EC36B2325946C007AEAB5 /* Build configuration list for PBXNativeTarget "MeatMarket" */;
			buildPhases = (
				FD485F421DF3944E3DAC1455 /* [CP] Check Pods Manifest.lock */,
				F94EC3522325946C007AEAB5 /* Sources */,
				F94EC3532325946C007AEAB5 /* Frameworks */,
				F94EC3542325946C007AEAB5 /* Resources */,
				46847D5FA49E0527E7336040 /* [CP] Embed Pods Frameworks */,
			);
			buildRules = (
			);
			dependencies = (
			);
			name = MeatMarket;
			productName = MeatMarket;
			productReference = F94EC3562325946C007AEAB5 /* MeatMarket.app */;
			productType = "com.apple.product-type.application";
		};
/* End PBXNativeTarget section */

/* Begin PBXProject section */
		F94EC34E2325946C007AEAB5 /* Project object */ = {
			isa = PBXProject;
			attributes = {
				LastSwiftUpdateCheck = 1030;
				LastUpgradeCheck = 1030;
				ORGANIZATIONNAME = YardenSwisa;
				TargetAttributes = {
					F94EC3552325946C007AEAB5 = {
						CreatedOnToolsVersion = 10.3;
					};
				};
			};
			buildConfigurationList = F94EC3512325946C007AEAB5 /* Build configuration list for PBXProject "MeatMarket" */;
			compatibilityVersion = "Xcode 9.3";
			developmentRegion = en;
			hasScannedForEncodings = 0;
			knownRegions = (
				en,
				Base,
			);
			mainGroup = F94EC34D2325946C007AEAB5;
			productRefGroup = F94EC3572325946C007AEAB5 /* Products */;
			projectDirPath = "";
			projectRoot = "";
			targets = (
				F94EC3552325946C007AEAB5 /* MeatMarket */,
			);
		};
/* End PBXProject section */

/* Begin PBXResourcesBuildPhase section */
		F94EC3542325946C007AEAB5 /* Resources */ = {
			isa = PBXResourcesBuildPhase;
			buildActionMask = 2147483647;
			files = (
				F94EC3672325946C007AEAB5 /* LaunchScreen.storyboard in Resources */,
				F98F86F2234DD0E90090737A /* GoogleService-Info.plist in Resources */,
				F94EC3642325946C007AEAB5 /* Assets.xcassets in Resources */,
				F94EC35F2325946C007AEAB5 /* Main.storyboard in Resources */,
			);
			runOnlyForDeploymentPostprocessing = 0;
		};
/* End PBXResourcesBuildPhase section */

/* Begin PBXShellScriptBuildPhase section */
		46847D5FA49E0527E7336040 /* [CP] Embed Pods Frameworks */ = {
			isa = PBXShellScriptBuildPhase;
			buildActionMask = 2147483647;
			files = (
			);
			inputFileListPaths = (
				"${PODS_ROOT}/Target Support Files/Pods-MeatMarket/Pods-MeatMarket-frameworks-${CONFIGURATION}-input-files.xcfilelist",
			);
			name = "[CP] Embed Pods Frameworks";
			outputFileListPaths = (
				"${PODS_ROOT}/Target Support Files/Pods-MeatMarket/Pods-MeatMarket-frameworks-${CONFIGURATION}-output-files.xcfilelist",
			);
			runOnlyForDeploymentPostprocessing = 0;
			shellPath = /bin/sh;
			shellScript = "\"${PODS_ROOT}/Target Support Files/Pods-MeatMarket/Pods-MeatMarket-frameworks.sh\"\n";
			showEnvVarsInLog = 0;
		};
		FD485F421DF3944E3DAC1455 /* [CP] Check Pods Manifest.lock */ = {
			isa = PBXShellScriptBuildPhase;
			buildActionMask = 2147483647;
			files = (
			);
			inputFileListPaths = (
			);
			inputPaths = (
				"${PODS_PODFILE_DIR_PATH}/Podfile.lock",
				"${PODS_ROOT}/Manifest.lock",
			);
			name = "[CP] Check Pods Manifest.lock";
			outputFileListPaths = (
			);
			outputPaths = (
				"$(DERIVED_FILE_DIR)/Pods-MeatMarket-checkManifestLockResult.txt",
			);
			runOnlyForDeploymentPostprocessing = 0;
			shellPath = /bin/sh;
			shellScript = "diff \"${PODS_PODFILE_DIR_PATH}/Podfile.lock\" \"${PODS_ROOT}/Manifest.lock\" > /dev/null\nif [ $? != 0 ] ; then\n    # print error to STDERR\n    echo \"error: The sandbox is not in sync with the Podfile.lock. Run 'pod install' or update your CocoaPods installation.\" >&2\n    exit 1\nfi\n# This output is used by Xcode 'outputs' to avoid re-running this script phase.\necho \"SUCCESS\" > \"${SCRIPT_OUTPUT_FILE_0}\"\n";
			showEnvVarsInLog = 0;
		};
/* End PBXShellScriptBuildPhase section */

/* Begin PBXSourcesBuildPhase section */
		F94EC3522325946C007AEAB5 /* Sources */ = {
			isa = PBXSourcesBuildPhase;
			buildActionMask = 2147483647;
			files = (
				F9EA640F24507A600021C4E0 /* ExtentionUIColor.swift in Sources */,
				F938D8F12437787D00EF3A9B /* CreateRecipeController.swift in Sources */,
				F95B26F9235238030034CE84 /* InstructionsController.swift in Sources */,
				F95336EC235138650060BD4F /* FavoriteViewCell.swift in Sources */,
				F99B7C7A234F628200EB8C59 /* Levels.swift in Sources */,
				F94296B1234E02FD005CB018 /* SplashScreenController.swift in Sources */,
				F93CA9212350C21D00289AD6 /* RoundedCollectionViewCell.swift in Sources */,
				F93CB864234E23FF00136DA6 /* HelperFuncs.swift in Sources */,
				F92D4FDB243FA55600AE788D /* ExtentionUIViewController.swift in Sources */,
				F92D4FC9243B02C700AE788D /* ProtocolProfileFavorite.swift in Sources */,
				F93CB86A234E2D1B00136DA6 /* PageRootController.swift in Sources */,
				F9929D352355165700DDC0ED /* InstructionsTableViewCell.swift in Sources */,
				F92D4FDD243FCA1800AE788D /* CreateRecipeInstrcuctionTableViewCell.swift in Sources */,
				F92D4FD3243B456A00AE788D /* ProtocolRecipeCellFavoriteStatus.swift in Sources */,
				F94BCFB8247FEB380083837B /* MyRecipesViewCell.swift in Sources */,
				F9EA64112451A7CA0021C4E0 /* ExtentionTableView.swift in Sources */,
				F93229C52454BEA600E80436 /* ExtentionUIImage.swift in Sources */,
				F99B7C76234F614500EB8C59 /* MeatCut.swift in Sources */,
				F95B26F7235237E30034CE84 /* RecipesController.swift in Sources */,
				F98AABCC234DDC99002CC05D /* User.swift in Sources */,
				F96BFD97235F0D6200B72489 /* RoundedTableViewCell.swift in Sources */,
				F9929D3323550CDD00DDC0ED /* IngredientsTableViewCell.swift in Sources */,
				F93CB86E234E35FD00136DA6 /* CreditsController.swift in Sources */,
				F94EC3622325946C007AEAB5 /* MeatMarket.xcdatamodeld in Sources */,
				F93CB868234E2CC700136DA6 /* NavigationController.swift in Sources */,
				F9B5FD12244F22F30069B2D4 /* PopUpInstructionsController.swift in Sources */,
				F9AE12C82361B36F00814F4B /* CurrentUser.swift in Sources */,
				F92D4FE1244216A200AE788D /* CreateRecipeIngredientsTableViewCell.swift in Sources */,
				F9ED4BAE23528EDD005CB3E7 /* RecipeViewCell.swift in Sources */,
				F92D4FCF243B059900AE788D /* ProtocolRecipeRatingAvg.swift in Sources */,
				F90B0F23235B1EED00370A9F /* CreditsTableViewCell.swift in Sources */,
				F94EC35A2325946C007AEAB5 /* AppDelegate.swift in Sources */,
				F94BCFBA247FF8EE0083837B /* MyRecipesController.swift in Sources */,
				F92D4FDF2442144400AE788D /* PopUpIngredientsController.swift in Sources */,
				F99B7C78234F61AF00EB8C59 /* Recipe.swift in Sources */,
				F93CB86C234E35BE00136DA6 /* ProfileController.swift in Sources */,
				F93CB862234E19FE00136DA6 /* RegistrationController.swift in Sources */,
				F98D9442235116BE007AE4D9 /* MeatCutViewCell.swift in Sources */,
				F93CB866234E25E200136DA6 /* MainScreenController.swift in Sources */,
				F93CB860234E0B6300136DA6 /* LoginController.swift in Sources */,
				F92D4FD1243B431F00AE788D /* ExtentionUIImageView.swift in Sources */,
			);
			runOnlyForDeploymentPostprocessing = 0;
		};
/* End PBXSourcesBuildPhase section */

/* Begin PBXVariantGroup section */
		F94EC35D2325946C007AEAB5 /* Main.storyboard */ = {
			isa = PBXVariantGroup;
			children = (
				F94EC35E2325946C007AEAB5 /* Base */,
			);
			name = Main.storyboard;
			sourceTree = "<group>";
		};
		F94EC3652325946C007AEAB5 /* LaunchScreen.storyboard */ = {
			isa = PBXVariantGroup;
			children = (
				F94EC3662325946C007AEAB5 /* Base */,
			);
			name = LaunchScreen.storyboard;
			sourceTree = "<group>";
		};
/* End PBXVariantGroup section */

/* Begin XCBuildConfiguration section */
		F94EC3692325946C007AEAB5 /* Debug */ = {
			isa = XCBuildConfiguration;
			buildSettings = {
				ALWAYS_SEARCH_USER_PATHS = NO;
				CLANG_ANALYZER_NONNULL = YES;
				CLANG_ANALYZER_NUMBER_OBJECT_CONVERSION = YES_AGGRESSIVE;
				CLANG_CXX_LANGUAGE_STANDARD = "gnu++14";
				CLANG_CXX_LIBRARY = "libc++";
				CLANG_ENABLE_MODULES = YES;
				CLANG_ENABLE_OBJC_ARC = YES;
				CLANG_ENABLE_OBJC_WEAK = YES;
				CLANG_WARN_BLOCK_CAPTURE_AUTORELEASING = YES;
				CLANG_WARN_BOOL_CONVERSION = YES;
				CLANG_WARN_COMMA = YES;
				CLANG_WARN_CONSTANT_CONVERSION = YES;
				CLANG_WARN_DEPRECATED_OBJC_IMPLEMENTATIONS = YES;
				CLANG_WARN_DIRECT_OBJC_ISA_USAGE = YES_ERROR;
				CLANG_WARN_DOCUMENTATION_COMMENTS = YES;
				CLANG_WARN_EMPTY_BODY = YES;
				CLANG_WARN_ENUM_CONVERSION = YES;
				CLANG_WARN_INFINITE_RECURSION = YES;
				CLANG_WARN_INT_CONVERSION = YES;
				CLANG_WARN_NON_LITERAL_NULL_CONVERSION = YES;
				CLANG_WARN_OBJC_IMPLICIT_RETAIN_SELF = YES;
				CLANG_WARN_OBJC_LITERAL_CONVERSION = YES;
				CLANG_WARN_OBJC_ROOT_CLASS = YES_ERROR;
				CLANG_WARN_RANGE_LOOP_ANALYSIS = YES;
				CLANG_WARN_STRICT_PROTOTYPES = YES;
				CLANG_WARN_SUSPICIOUS_MOVE = YES;
				CLANG_WARN_UNGUARDED_AVAILABILITY = YES_AGGRESSIVE;
				CLANG_WARN_UNREACHABLE_CODE = YES;
				CLANG_WARN__DUPLICATE_METHOD_MATCH = YES;
				CODE_SIGN_IDENTITY = "iPhone Developer";
				COPY_PHASE_STRIP = NO;
				DEBUG_INFORMATION_FORMAT = dwarf;
				ENABLE_STRICT_OBJC_MSGSEND = YES;
				ENABLE_TESTABILITY = YES;
				GCC_C_LANGUAGE_STANDARD = gnu11;
				GCC_DYNAMIC_NO_PIC = NO;
				GCC_NO_COMMON_BLOCKS = YES;
				GCC_OPTIMIZATION_LEVEL = 0;
				GCC_PREPROCESSOR_DEFINITIONS = (
					"DEBUG=1",
					"$(inherited)",
				);
				GCC_WARN_64_TO_32_BIT_CONVERSION = YES;
				GCC_WARN_ABOUT_RETURN_TYPE = YES_ERROR;
				GCC_WARN_UNDECLARED_SELECTOR = YES;
				GCC_WARN_UNINITIALIZED_AUTOS = YES_AGGRESSIVE;
				GCC_WARN_UNUSED_FUNCTION = YES;
				GCC_WARN_UNUSED_VARIABLE = YES;
				IPHONEOS_DEPLOYMENT_TARGET = 12.4;
				MTL_ENABLE_DEBUG_INFO = INCLUDE_SOURCE;
				MTL_FAST_MATH = YES;
				ONLY_ACTIVE_ARCH = YES;
				SDKROOT = iphoneos;
				SWIFT_ACTIVE_COMPILATION_CONDITIONS = DEBUG;
				SWIFT_OPTIMIZATION_LEVEL = "-Onone";
			};
			name = Debug;
		};
		F94EC36A2325946C007AEAB5 /* Release */ = {
			isa = XCBuildConfiguration;
			buildSettings = {
				ALWAYS_SEARCH_USER_PATHS = NO;
				CLANG_ANALYZER_NONNULL = YES;
				CLANG_ANALYZER_NUMBER_OBJECT_CONVERSION = YES_AGGRESSIVE;
				CLANG_CXX_LANGUAGE_STANDARD = "gnu++14";
				CLANG_CXX_LIBRARY = "libc++";
				CLANG_ENABLE_MODULES = YES;
				CLANG_ENABLE_OBJC_ARC = YES;
				CLANG_ENABLE_OBJC_WEAK = YES;
				CLANG_WARN_BLOCK_CAPTURE_AUTORELEASING = YES;
				CLANG_WARN_BOOL_CONVERSION = YES;
				CLANG_WARN_COMMA = YES;
				CLANG_WARN_CONSTANT_CONVERSION = YES;
				CLANG_WARN_DEPRECATED_OBJC_IMPLEMENTATIONS = YES;
				CLANG_WARN_DIRECT_OBJC_ISA_USAGE = YES_ERROR;
				CLANG_WARN_DOCUMENTATION_COMMENTS = YES;
				CLANG_WARN_EMPTY_BODY = YES;
				CLANG_WARN_ENUM_CONVERSION = YES;
				CLANG_WARN_INFINITE_RECURSION = YES;
				CLANG_WARN_INT_CONVERSION = YES;
				CLANG_WARN_NON_LITERAL_NULL_CONVERSION = YES;
				CLANG_WARN_OBJC_IMPLICIT_RETAIN_SELF = YES;
				CLANG_WARN_OBJC_LITERAL_CONVERSION = YES;
				CLANG_WARN_OBJC_ROOT_CLASS = YES_ERROR;
				CLANG_WARN_RANGE_LOOP_ANALYSIS = YES;
				CLANG_WARN_STRICT_PROTOTYPES = YES;
				CLANG_WARN_SUSPICIOUS_MOVE = YES;
				CLANG_WARN_UNGUARDED_AVAILABILITY = YES_AGGRESSIVE;
				CLANG_WARN_UNREACHABLE_CODE = YES;
				CLANG_WARN__DUPLICATE_METHOD_MATCH = YES;
				CODE_SIGN_IDENTITY = "iPhone Developer";
				COPY_PHASE_STRIP = NO;
				DEBUG_INFORMATION_FORMAT = "dwarf-with-dsym";
				ENABLE_NS_ASSERTIONS = NO;
				ENABLE_STRICT_OBJC_MSGSEND = YES;
				GCC_C_LANGUAGE_STANDARD = gnu11;
				GCC_NO_COMMON_BLOCKS = YES;
				GCC_WARN_64_TO_32_BIT_CONVERSION = YES;
				GCC_WARN_ABOUT_RETURN_TYPE = YES_ERROR;
				GCC_WARN_UNDECLARED_SELECTOR = YES;
				GCC_WARN_UNINITIALIZED_AUTOS = YES_AGGRESSIVE;
				GCC_WARN_UNUSED_FUNCTION = YES;
				GCC_WARN_UNUSED_VARIABLE = YES;
				IPHONEOS_DEPLOYMENT_TARGET = 12.4;
				MTL_ENABLE_DEBUG_INFO = NO;
				MTL_FAST_MATH = YES;
				SDKROOT = iphoneos;
				SWIFT_COMPILATION_MODE = wholemodule;
				SWIFT_OPTIMIZATION_LEVEL = "-O";
				VALIDATE_PRODUCT = YES;
			};
			name = Release;
		};
		F94EC36C2325946C007AEAB5 /* Debug */ = {
			isa = XCBuildConfiguration;
			baseConfigurationReference = B4EE9E939A5EA3BCCE241B92 /* Pods-MeatMarket.debug.xcconfig */;
			buildSettings = {
				ASSETCATALOG_COMPILER_APPICON_NAME = AppIcon;
				CODE_SIGN_STYLE = Automatic;
				DEVELOPMENT_TEAM = TDSLN88YRD;
				INFOPLIST_FILE = MeatMarket/Resources/Info.plist;
				LD_RUNPATH_SEARCH_PATHS = (
					"$(inherited)",
					"@executable_path/Frameworks",
				);
				PRODUCT_BUNDLE_IDENTIFIER = com.YardenSwisa.MeatMarket;
				PRODUCT_NAME = "$(TARGET_NAME)";
				SWIFT_VERSION = 5.0;
				TARGETED_DEVICE_FAMILY = "1,2";
			};
			name = Debug;
		};
		F94EC36D2325946C007AEAB5 /* Release */ = {
			isa = XCBuildConfiguration;
			baseConfigurationReference = EF0F11BA56A0A2EAEE1D3A94 /* Pods-MeatMarket.release.xcconfig */;
			buildSettings = {
				ASSETCATALOG_COMPILER_APPICON_NAME = AppIcon;
				CODE_SIGN_STYLE = Automatic;
				DEVELOPMENT_TEAM = TDSLN88YRD;
				INFOPLIST_FILE = MeatMarket/Resources/Info.plist;
				LD_RUNPATH_SEARCH_PATHS = (
					"$(inherited)",
					"@executable_path/Frameworks",
				);
				PRODUCT_BUNDLE_IDENTIFIER = com.YardenSwisa.MeatMarket;
				PRODUCT_NAME = "$(TARGET_NAME)";
				SWIFT_VERSION = 5.0;
				TARGETED_DEVICE_FAMILY = "1,2";
			};
			name = Release;
		};
/* End XCBuildConfiguration section */

/* Begin XCConfigurationList section */
		F94EC3512325946C007AEAB5 /* Build configuration list for PBXProject "MeatMarket" */ = {
			isa = XCConfigurationList;
			buildConfigurations = (
				F94EC3692325946C007AEAB5 /* Debug */,
				F94EC36A2325946C007AEAB5 /* Release */,
			);
			defaultConfigurationIsVisible = 0;
			defaultConfigurationName = Release;
		};
		F94EC36B2325946C007AEAB5 /* Build configuration list for PBXNativeTarget "MeatMarket" */ = {
			isa = XCConfigurationList;
			buildConfigurations = (
				F94EC36C2325946C007AEAB5 /* Debug */,
				F94EC36D2325946C007AEAB5 /* Release */,
			);
			defaultConfigurationIsVisible = 0;
			defaultConfigurationName = Release;
		};
/* End XCConfigurationList section */

/* Begin XCVersionGroup section */
		F94EC3602325946C007AEAB5 /* MeatMarket.xcdatamodeld */ = {
			isa = XCVersionGroup;
			children = (
				F94EC3612325946C007AEAB5 /* MeatMarket.xcdatamodel */,
			);
			currentVersion = F94EC3612325946C007AEAB5 /* MeatMarket.xcdatamodel */;
			path = MeatMarket.xcdatamodeld;
			sourceTree = "<group>";
			versionGroupType = wrapper.xcdatamodel;
		};
/* End XCVersionGroup section */
	};
	rootObject = F94EC34E2325946C007AEAB5 /* Project object */;
}
